
Microsoft Visual Studio Solution File, Format Version 12.00
# Visual Studio Version 17
VisualStudioVersion = 17.2.32602.215
MinimumVisualStudioVersion = 10.0.40219.1
Project("{FAE04EC0-301F-11D3-BF4B-00C04F79EFBC}") = "Wbijam_WebScrapper", "Wbijam_WebScrapper\Wbijam_WebScrapper.csproj", "{A9EBD5C6-B62A-4279-83BE-1E22E47F20D7}"
EndProject
Global
	GlobalSection(SolutionConfigurationPlatforms) = preSolution
		Debug|Any CPU = Debug|Any CPU
		Release|Any CPU = Release|Any CPU
	EndGlobalSection
	GlobalSection(ProjectConfigurationPlatforms) = postSolution
		{A9EBD5C6-B62A-4279-83BE-1E22E47F20D7}.Debug|Any CPU.ActiveCfg = Debug|Any CPU
		{A9EBD5C6-B62A-4279-83BE-1E22E47F20D7}.Debug|Any CPU.Build.0 = Debug|Any CPU
		{A9EBD5C6-B62A-4279-83BE-1E22E47F20D7}.Release|Any CPU.ActiveCfg = Release|Any CPU
		{A9EBD5C6-B62A-4279-83BE-1E22E47F20D7}.Release|Any CPU.Build.0 = Release|Any CPU
	EndGlobalSection
	GlobalSection(SolutionProperties) = preSolution
		HideSolutionNode = FALSE
	EndGlobalSection
	GlobalSection(ExtensibilityGlobals) = postSolution
		SolutionGuid = {DF497CC5-146B-4427-B163-9D20E8213E3D}
	EndGlobalSection
EndGlobal
